
Microsoft Visual Studio Solution File, Format Version 12.00
# Visual Studio Version 16
VisualStudioVersion = 16.0.30011.22
MinimumVisualStudioVersion = 10.0.40219.1
Project("{FAE04EC0-301F-11D3-BF4B-00C04F79EFBC}") = "PolymorphismInterface", "PolymorphismInterface\PolymorphismInterface.csproj", "{B766AE6C-B8CC-4310-B925-25A5B985C4DC}"
EndProject
Global
	GlobalSection(SolutionConfigurationPlatforms) = preSolution
		Debug|Any CPU = Debug|Any CPU
		Release|Any CPU = Release|Any CPU
	EndGlobalSection
	GlobalSection(ProjectConfigurationPlatforms) = postSolution
		{B766AE6C-B8CC-4310-B925-25A5B985C4DC}.Debug|Any CPU.ActiveCfg = Debug|Any CPU
		{B766AE6C-B8CC-4310-B925-25A5B985C4DC}.Debug|Any CPU.Build.0 = Debug|Any CPU
		{B766AE6C-B8CC-4310-B925-25A5B985C4DC}.Release|Any CPU.ActiveCfg = Release|Any CPU
		{B766AE6C-B8CC-4310-B925-25A5B985C4DC}.Release|Any CPU.Build.0 = Release|Any CPU
	EndGlobalSection
	GlobalSection(SolutionProperties) = preSolution
		HideSolutionNode = FALSE
	EndGlobalSection
	GlobalSection(ExtensibilityGlobals) = postSolution
		SolutionGuid = {69B8AF80-D101-4861-95B4-EE334A44516B}
	EndGlobalSection
EndGlobal
